// !$*UTF8*$!
{
	archiveVersion = 1;
	classes = {
	};
	objectVersion = 46;
	objects = {

/* Begin PBXBuildFile section */
		53BDDDEB6A611D6C425B0B75 /* Pods.framework in Frameworks */ = {isa = PBXBuildFile; fileRef = E8152E652E854161B3D9B36B /* Pods.framework */; settings = {ATTRIBUTES = (Weak, ); }; };
		917094D51B834B76002F029D /* AppDelegate.swift in Sources */ = {isa = PBXBuildFile; fileRef = 917094D41B834B76002F029D /* AppDelegate.swift */; };
		917094D71B834B76002F029D /* ViewController.swift in Sources */ = {isa = PBXBuildFile; fileRef = 917094D61B834B76002F029D /* ViewController.swift */; };
		917094DA1B834B76002F029D /* Main.storyboard in Resources */ = {isa = PBXBuildFile; fileRef = 917094D81B834B76002F029D /* Main.storyboard */; };
		917094DC1B834B76002F029D /* Assets.xcassets in Resources */ = {isa = PBXBuildFile; fileRef = 917094DB1B834B76002F029D /* Assets.xcassets */; };
		917094DF1B834B76002F029D /* LaunchScreen.storyboard in Resources */ = {isa = PBXBuildFile; fileRef = 917094DD1B834B76002F029D /* LaunchScreen.storyboard */; };
		917094EA1B834B76002F029D /* WeatherNowTests.swift in Sources */ = {isa = PBXBuildFile; fileRef = 917094E91B834B76002F029D /* WeatherNowTests.swift */; };
		917094F51B834B76002F029D /* WeatherNowUITests.swift in Sources */ = {isa = PBXBuildFile; fileRef = 917094F41B834B76002F029D /* WeatherNowUITests.swift */; };
		917095031B836EEF002F029D /* Weather.swift in Sources */ = {isa = PBXBuildFile; fileRef = 917095021B836EEF002F029D /* Weather.swift */; };
		91FB03701B83B45100748EAA /* WeekTableViewController.swift in Sources */ = {isa = PBXBuildFile; fileRef = 91FB036F1B83B45100748EAA /* WeekTableViewController.swift */; };
		91FB03721B83B52C00748EAA /* WeekCell.swift in Sources */ = {isa = PBXBuildFile; fileRef = 91FB03711B83B52C00748EAA /* WeekCell.swift */; };
/* End PBXBuildFile section */

/* Begin PBXContainerItemProxy section */
		917094E61B834B76002F029D /* PBXContainerItemProxy */ = {
			isa = PBXContainerItemProxy;
			containerPortal = 917094C91B834B76002F029D /* Project object */;
			proxyType = 1;
			remoteGlobalIDString = 917094D01B834B76002F029D;
			remoteInfo = WeatherNow;
		};
		917094F11B834B76002F029D /* PBXContainerItemProxy */ = {
			isa = PBXContainerItemProxy;
			containerPortal = 917094C91B834B76002F029D /* Project object */;
			proxyType = 1;
			remoteGlobalIDString = 917094D01B834B76002F029D;
			remoteInfo = WeatherNow;
		};
/* End PBXContainerItemProxy section */

/* Begin PBXFileReference section */
		2ECA72B7A8A5D008D3412D29 /* Pods.debug.xcconfig */ = {isa = PBXFileReference; includeInIndex = 1; lastKnownFileType = text.xcconfig; name = Pods.debug.xcconfig; path = "Pods/Target Support Files/Pods/Pods.debug.xcconfig"; sourceTree = "<group>"; };
		5A8679C71D97675448D4550F /* Pods.release.xcconfig */ = {isa = PBXFileReference; includeInIndex = 1; lastKnownFileType = text.xcconfig; name = Pods.release.xcconfig; path = "Pods/Target Support Files/Pods/Pods.release.xcconfig"; sourceTree = "<group>"; };
		917094D11B834B76002F029D /* WeatherNow.app */ = {isa = PBXFileReference; explicitFileType = wrapper.application; includeInIndex = 0; path = WeatherNow.app; sourceTree = BUILT_PRODUCTS_DIR; };
		917094D41B834B76002F029D /* AppDelegate.swift */ = {isa = PBXFileReference; lastKnownFileType = sourcecode.swift; path = AppDelegate.swift; sourceTree = "<group>"; };
		917094D61B834B76002F029D /* ViewController.swift */ = {isa = PBXFileReference; lastKnownFileType = sourcecode.swift; path = ViewController.swift; sourceTree = "<group>"; };
		917094D91B834B76002F029D /* Base */ = {isa = PBXFileReference; lastKnownFileType = file.storyboard; name = Base; path = Base.lproj/Main.storyboard; sourceTree = "<group>"; };
		917094DB1B834B76002F029D /* Assets.xcassets */ = {isa = PBXFileReference; lastKnownFileType = folder.assetcatalog; path = Assets.xcassets; sourceTree = "<group>"; };
		917094DE1B834B76002F029D /* Base */ = {isa = PBXFileReference; lastKnownFileType = file.storyboard; name = Base; path = Base.lproj/LaunchScreen.storyboard; sourceTree = "<group>"; };
		917094E01B834B76002F029D /* Info.plist */ = {isa = PBXFileReference; lastKnownFileType = text.plist.xml; path = Info.plist; sourceTree = "<group>"; };
		917094E51B834B76002F029D /* WeatherNowTests.xctest */ = {isa = PBXFileReference; explicitFileType = wrapper.cfbundle; includeInIndex = 0; path = WeatherNowTests.xctest; sourceTree = BUILT_PRODUCTS_DIR; };
		917094E91B834B76002F029D /* WeatherNowTests.swift */ = {isa = PBXFileReference; lastKnownFileType = sourcecode.swift; path = WeatherNowTests.swift; sourceTree = "<group>"; };
		917094EB1B834B76002F029D /* Info.plist */ = {isa = PBXFileReference; lastKnownFileType = text.plist.xml; path = Info.plist; sourceTree = "<group>"; };
		917094F01B834B76002F029D /* WeatherNowUITests.xctest */ = {isa = PBXFileReference; explicitFileType = wrapper.cfbundle; includeInIndex = 0; path = WeatherNowUITests.xctest; sourceTree = BUILT_PRODUCTS_DIR; };
		917094F41B834B76002F029D /* WeatherNowUITests.swift */ = {isa = PBXFileReference; lastKnownFileType = sourcecode.swift; path = WeatherNowUITests.swift; sourceTree = "<group>"; };
		917094F61B834B76002F029D /* Info.plist */ = {isa = PBXFileReference; lastKnownFileType = text.plist.xml; path = Info.plist; sourceTree = "<group>"; };
		917095021B836EEF002F029D /* Weather.swift */ = {isa = PBXFileReference; fileEncoding = 4; lastKnownFileType = sourcecode.swift; path = Weather.swift; sourceTree = "<group>"; };
		91FB036F1B83B45100748EAA /* WeekTableViewController.swift */ = {isa = PBXFileReference; fileEncoding = 4; lastKnownFileType = sourcecode.swift; path = WeekTableViewController.swift; sourceTree = "<group>"; };
		91FB03711B83B52C00748EAA /* WeekCell.swift */ = {isa = PBXFileReference; fileEncoding = 4; lastKnownFileType = sourcecode.swift; path = WeekCell.swift; sourceTree = "<group>"; };
		E8152E652E854161B3D9B36B /* Pods.framework */ = {isa = PBXFileReference; explicitFileType = wrapper.framework; includeInIndex = 0; path = Pods.framework; sourceTree = BUILT_PRODUCTS_DIR; };
/* End PBXFileReference section */

/* Begin PBXFrameworksBuildPhase section */
		917094CE1B834B76002F029D /* Frameworks */ = {
			isa = PBXFrameworksBuildPhase;
			buildActionMask = 2147483647;
			files = (
				53BDDDEB6A611D6C425B0B75 /* Pods.framework in Frameworks */,
			);
			runOnlyForDeploymentPostprocessing = 0;
		};
		917094E21B834B76002F029D /* Frameworks */ = {
			isa = PBXFrameworksBuildPhase;
			buildActionMask = 2147483647;
			files = (
			);
			runOnlyForDeploymentPostprocessing = 0;
		};
		917094ED1B834B76002F029D /* Frameworks */ = {
			isa = PBXFrameworksBuildPhase;
			buildActionMask = 2147483647;
			files = (
			);
			runOnlyForDeploymentPostprocessing = 0;
		};
/* End PBXFrameworksBuildPhase section */

/* Begin PBXGroup section */
		531FE30C6A8B150FD5AD5D1B /* Pods */ = {
			isa = PBXGroup;
			children = (
				2ECA72B7A8A5D008D3412D29 /* Pods.debug.xcconfig */,
				5A8679C71D97675448D4550F /* Pods.release.xcconfig */,
			);
			name = Pods;
			sourceTree = "<group>";
		};
		6B535E5AB162DBDBAEDD1F03 /* Frameworks */ = {
			isa = PBXGroup;
			children = (
				E8152E652E854161B3D9B36B /* Pods.framework */,
			);
			name = Frameworks;
			sourceTree = "<group>";
		};
		917094C81B834B76002F029D = {
			isa = PBXGroup;
			children = (
				917094D31B834B76002F029D /* WeatherNow */,
				917094E81B834B76002F029D /* WeatherNowTests */,
				917094F31B834B76002F029D /* WeatherNowUITests */,
				917094D21B834B76002F029D /* Products */,
				531FE30C6A8B150FD5AD5D1B /* Pods */,
				6B535E5AB162DBDBAEDD1F03 /* Frameworks */,
			);
			sourceTree = "<group>";
		};
		917094D21B834B76002F029D /* Products */ = {
			isa = PBXGroup;
			children = (
				917094D11B834B76002F029D /* WeatherNow.app */,
				917094E51B834B76002F029D /* WeatherNowTests.xctest */,
				917094F01B834B76002F029D /* WeatherNowUITests.xctest */,
			);
			name = Products;
			sourceTree = "<group>";
		};
		917094D31B834B76002F029D /* WeatherNow */ = {
			isa = PBXGroup;
			children = (
				917095021B836EEF002F029D /* Weather.swift */,
				917094D41B834B76002F029D /* AppDelegate.swift */,
				917094D61B834B76002F029D /* ViewController.swift */,
				917094D81B834B76002F029D /* Main.storyboard */,
				917094DB1B834B76002F029D /* Assets.xcassets */,
				917094DD1B834B76002F029D /* LaunchScreen.storyboard */,
				917094E01B834B76002F029D /* Info.plist */,
				91FB036F1B83B45100748EAA /* WeekTableViewController.swift */,
				91FB03711B83B52C00748EAA /* WeekCell.swift */,
			);
			path = WeatherNow;
			sourceTree = "<group>";
		};
		917094E81B834B76002F029D /* WeatherNowTests */ = {
			isa = PBXGroup;
			children = (
				917094E91B834B76002F029D /* WeatherNowTests.swift */,
				917094EB1B834B76002F029D /* Info.plist */,
			);
			path = WeatherNowTests;
			sourceTree = "<group>";
		};
		917094F31B834B76002F029D /* WeatherNowUITests */ = {
			isa = PBXGroup;
			children = (
				917094F41B834B76002F029D /* WeatherNowUITests.swift */,
				917094F61B834B76002F029D /* Info.plist */,
			);
			path = WeatherNowUITests;
			sourceTree = "<group>";
		};
/* End PBXGroup section */

/* Begin PBXNativeTarget section */
		917094D01B834B76002F029D /* WeatherNow */ = {
			isa = PBXNativeTarget;
			buildConfigurationList = 917094F91B834B76002F029D /* Build configuration list for PBXNativeTarget "WeatherNow" */;
			buildPhases = (
				6C153A8D1F25E692C8175EA4 /* Check Pods Manifest.lock */,
				917094CD1B834B76002F029D /* Sources */,
				917094CE1B834B76002F029D /* Frameworks */,
				917094CF1B834B76002F029D /* Resources */,
				39EE94D28880B683E163758F /* Embed Pods Frameworks */,
				307030FA117FE4B0EA30A62D /* Copy Pods Resources */,
			);
			buildRules = (
			);
			dependencies = (
			);
			name = WeatherNow;
			productName = WeatherNow;
			productReference = 917094D11B834B76002F029D /* WeatherNow.app */;
			productType = "com.apple.product-type.application";
		};
		917094E41B834B76002F029D /* WeatherNowTests */ = {
			isa = PBXNativeTarget;
			buildConfigurationList = 917094FC1B834B76002F029D /* Build configuration list for PBXNativeTarget "WeatherNowTests" */;
			buildPhases = (
				917094E11B834B76002F029D /* Sources */,
				917094E21B834B76002F029D /* Frameworks */,
				917094E31B834B76002F029D /* Resources */,
			);
			buildRules = (
			);
			dependencies = (
				917094E71B834B76002F029D /* PBXTargetDependency */,
			);
			name = WeatherNowTests;
			productName = WeatherNowTests;
			productReference = 917094E51B834B76002F029D /* WeatherNowTests.xctest */;
			productType = "com.apple.product-type.bundle.unit-test";
		};
		917094EF1B834B76002F029D /* WeatherNowUITests */ = {
			isa = PBXNativeTarget;
			buildConfigurationList = 917094FF1B834B76002F029D /* Build configuration list for PBXNativeTarget "WeatherNowUITests" */;
			buildPhases = (
				917094EC1B834B76002F029D /* Sources */,
				917094ED1B834B76002F029D /* Frameworks */,
				917094EE1B834B76002F029D /* Resources */,
			);
			buildRules = (
			);
			dependencies = (
				917094F21B834B76002F029D /* PBXTargetDependency */,
			);
			name = WeatherNowUITests;
			productName = WeatherNowUITests;
			productReference = 917094F01B834B76002F029D /* WeatherNowUITests.xctest */;
			productType = "com.apple.product-type.bundle.ui-testing";
		};
/* End PBXNativeTarget section */

/* Begin PBXProject section */
		917094C91B834B76002F029D /* Project object */ = {
			isa = PBXProject;
			attributes = {
				LastUpgradeCheck = 0700;
				ORGANIZATIONNAME = "Christian Sampaio";
				TargetAttributes = {
					917094D01B834B76002F029D = {
						CreatedOnToolsVersion = 7.0;
					};
					917094E41B834B76002F029D = {
						CreatedOnToolsVersion = 7.0;
						TestTargetID = 917094D01B834B76002F029D;
					};
					917094EF1B834B76002F029D = {
						CreatedOnToolsVersion = 7.0;
						TestTargetID = 917094D01B834B76002F029D;
					};
				};
			};
			buildConfigurationList = 917094CC1B834B76002F029D /* Build configuration list for PBXProject "WeatherNow" */;
			compatibilityVersion = "Xcode 3.2";
			developmentRegion = English;
			hasScannedForEncodings = 0;
			knownRegions = (
				en,
				Base,
			);
			mainGroup = 917094C81B834B76002F029D;
			productRefGroup = 917094D21B834B76002F029D /* Products */;
			projectDirPath = "";
			projectRoot = "";
			targets = (
				917094D01B834B76002F029D /* WeatherNow */,
				917094E41B834B76002F029D /* WeatherNowTests */,
				917094EF1B834B76002F029D /* WeatherNowUITests */,
			);
		};
/* End PBXProject section */

/* Begin PBXResourcesBuildPhase section */
		917094CF1B834B76002F029D /* Resources */ = {
			isa = PBXResourcesBuildPhase;
			buildActionMask = 2147483647;
			files = (
				917094DF1B834B76002F029D /* LaunchScreen.storyboard in Resources */,
				917094DC1B834B76002F029D /* Assets.xcassets in Resources */,
				917094DA1B834B76002F029D /* Main.storyboard in Resources */,
			);
			runOnlyForDeploymentPostprocessing = 0;
		};
		917094E31B834B76002F029D /* Resources */ = {
			isa = PBXResourcesBuildPhase;
			buildActionMask = 2147483647;
			files = (
			);
			runOnlyForDeploymentPostprocessing = 0;
		};
		917094EE1B834B76002F029D /* Resources */ = {
			isa = PBXResourcesBuildPhase;
			buildActionMask = 2147483647;
			files = (
			);
			runOnlyForDeploymentPostprocessing = 0;
		};
/* End PBXResourcesBuildPhase section */

/* Begin PBXShellScriptBuildPhase section */
		307030FA117FE4B0EA30A62D /* Copy Pods Resources */ = {
			isa = PBXShellScriptBuildPhase;
			buildActionMask = 2147483647;
			files = (
			);
			inputPaths = (
			);
			name = "Copy Pods Resources";
			outputPaths = (
			);
			runOnlyForDeploymentPostprocessing = 0;
			shellPath = /bin/sh;
			shellScript = "\"${SRCROOT}/Pods/Target Support Files/Pods/Pods-resources.sh\"\n";
			showEnvVarsInLog = 0;
		};
		39EE94D28880B683E163758F /* Embed Pods Frameworks */ = {
			isa = PBXShellScriptBuildPhase;
			buildActionMask = 2147483647;
			files = (
			);
			inputPaths = (
			);
			name = "Embed Pods Frameworks";
			outputPaths = (
			);
			runOnlyForDeploymentPostprocessing = 0;
			shellPath = /bin/sh;
			shellScript = "\"${SRCROOT}/Pods/Target Support Files/Pods/Pods-frameworks.sh\"\n";
			showEnvVarsInLog = 0;
		};
		6C153A8D1F25E692C8175EA4 /* Check Pods Manifest.lock */ = {
			isa = PBXShellScriptBuildPhase;
			buildActionMask = 2147483647;
			files = (
			);
			inputPaths = (
			);
			name = "Check Pods Manifest.lock";
			outputPaths = (
			);
			runOnlyForDeploymentPostprocessing = 0;
			shellPath = /bin/sh;
			shellScript = "diff \"${PODS_ROOT}/../Podfile.lock\" \"${PODS_ROOT}/Manifest.lock\" > /dev/null\nif [[ $? != 0 ]] ; then\n    cat << EOM\nerror: The sandbox is not in sync with the Podfile.lock. Run 'pod install' or update your CocoaPods installation.\nEOM\n    exit 1\nfi\n";
			showEnvVarsInLog = 0;
		};
/* End PBXShellScriptBuildPhase section */

/* Begin PBXSourcesBuildPhase section */
		917094CD1B834B76002F029D /* Sources */ = {
			isa = PBXSourcesBuildPhase;
			buildActionMask = 2147483647;
			files = (
				917094D71B834B76002F029D /* ViewController.swift in Sources */,
				917095031B836EEF002F029D /* Weather.swift in Sources */,
				91FB03721B83B52C00748EAA /* WeekCell.swift in Sources */,
				917094D51B834B76002F029D /* AppDelegate.swift in Sources */,
				91FB03701B83B45100748EAA /* WeekTableViewController.swift in Sources */,
			);
			runOnlyForDeploymentPostprocessing = 0;
		};
		917094E11B834B76002F029D /* Sources */ = {
			isa = PBXSourcesBuildPhase;
			buildActionMask = 2147483647;
			files = (
				917094EA1B834B76002F029D /* WeatherNowTests.swift in Sources */,
			);
			runOnlyForDeploymentPostprocessing = 0;
		};
		917094EC1B834B76002F029D /* Sources */ = {
			isa = PBXSourcesBuildPhase;
			buildActionMask = 2147483647;
			files = (
				917094F51B834B76002F029D /* WeatherNowUITests.swift in Sources */,
			);
			runOnlyForDeploymentPostprocessing = 0;
		};
/* End PBXSourcesBuildPhase section */

/* Begin PBXTargetDependency section */
		917094E71B834B76002F029D /* PBXTargetDependency */ = {
			isa = PBXTargetDependency;
			target = 917094D01B834B76002F029D /* WeatherNow */;
			targetProxy = 917094E61B834B76002F029D /* PBXContainerItemProxy */;
		};
		917094F21B834B76002F029D /* PBXTargetDependency */ = {
			isa = PBXTargetDependency;
			target = 917094D01B834B76002F029D /* WeatherNow */;
			targetProxy = 917094F11B834B76002F029D /* PBXContainerItemProxy */;
		};
/* End PBXTargetDependency section */

/* Begin PBXVariantGroup section */
		917094D81B834B76002F029D /* Main.storyboard */ = {
			isa = PBXVariantGroup;
			children = (
				917094D91B834B76002F029D /* Base */,
			);
			name = Main.storyboard;
			sourceTree = "<group>";
		};
		917094DD1B834B76002F029D /* LaunchScreen.storyboard */ = {
			isa = PBXVariantGroup;
			children = (
				917094DE1B834B76002F029D /* Base */,
			);
			name = LaunchScreen.storyboard;
			sourceTree = "<group>";
		};
/* End PBXVariantGroup section */

/* Begin XCBuildConfiguration section */
		917094F71B834B76002F029D /* Debug */ = {
			isa = XCBuildConfiguration;
			buildSettings = {
				ALWAYS_SEARCH_USER_PATHS = NO;
				CLANG_CXX_LANGUAGE_STANDARD = "gnu++0x";
				CLANG_CXX_LIBRARY = "libc++";
				CLANG_ENABLE_MODULES = YES;
				CLANG_ENABLE_OBJC_ARC = YES;
				CLANG_WARN_BOOL_CONVERSION = YES;
				CLANG_WARN_CONSTANT_CONVERSION = YES;
				CLANG_WARN_DIRECT_OBJC_ISA_USAGE = YES_ERROR;
				CLANG_WARN_EMPTY_BODY = YES;
				CLANG_WARN_ENUM_CONVERSION = YES;
				CLANG_WARN_INT_CONVERSION = YES;
				CLANG_WARN_OBJC_ROOT_CLASS = YES_ERROR;
				CLANG_WARN_UNREACHABLE_CODE = YES;
				CLANG_WARN__DUPLICATE_METHOD_MATCH = YES;
				"CODE_SIGN_IDENTITY[sdk=iphoneos*]" = "iPhone Developer";
				COPY_PHASE_STRIP = NO;
				DEBUG_INFORMATION_FORMAT = dwarf;
				ENABLE_STRICT_OBJC_MSGSEND = YES;
				ENABLE_TESTABILITY = YES;
				GCC_C_LANGUAGE_STANDARD = gnu99;
				GCC_DYNAMIC_NO_PIC = NO;
				GCC_NO_COMMON_BLOCKS = YES;
				GCC_OPTIMIZATION_LEVEL = 0;
				GCC_PREPROCESSOR_DEFINITIONS = (
					"DEBUG=1",
					"$(inherited)",
				);
				GCC_WARN_64_TO_32_BIT_CONVERSION = YES;
				GCC_WARN_ABOUT_RETURN_TYPE = YES_ERROR;
				GCC_WARN_UNDECLARED_SELECTOR = YES;
				GCC_WARN_UNINITIALIZED_AUTOS = YES_AGGRESSIVE;
				GCC_WARN_UNUSED_FUNCTION = YES;
				GCC_WARN_UNUSED_VARIABLE = YES;
				IPHONEOS_DEPLOYMENT_TARGET = 9.0;
				MTL_ENABLE_DEBUG_INFO = YES;
				ONLY_ACTIVE_ARCH = YES;
				SDKROOT = iphoneos;
				SWIFT_OPTIMIZATION_LEVEL = "-Onone";
				TARGETED_DEVICE_FAMILY = "1,2";
			};
			name = Debug;
		};
		917094F81B834B76002F029D /* Release */ = {
			isa = XCBuildConfiguration;
			buildSettings = {
				ALWAYS_SEARCH_USER_PATHS = NO;
				CLANG_CXX_LANGUAGE_STANDARD = "gnu++0x";
				CLANG_CXX_LIBRARY = "libc++";
				CLANG_ENABLE_MODULES = YES;
				CLANG_ENABLE_OBJC_ARC = YES;
				CLANG_WARN_BOOL_CONVERSION = YES;
				CLANG_WARN_CONSTANT_CONVERSION = YES;
				CLANG_WARN_DIRECT_OBJC_ISA_USAGE = YES_ERROR;
				CLANG_WARN_EMPTY_BODY = YES;
				CLANG_WARN_ENUM_CONVERSION = YES;
				CLANG_WARN_INT_CONVERSION = YES;
				CLANG_WARN_OBJC_ROOT_CLASS = YES_ERROR;
				CLANG_WARN_UNREACHABLE_CODE = YES;
				CLANG_WARN__DUPLICATE_METHOD_MATCH = YES;
				"CODE_SIGN_IDENTITY[sdk=iphoneos*]" = "iPhone Developer";
				COPY_PHASE_STRIP = NO;
				DEBUG_INFORMATION_FORMAT = "dwarf-with-dsym";
				ENABLE_NS_ASSERTIONS = NO;
				ENABLE_STRICT_OBJC_MSGSEND = YES;
				GCC_C_LANGUAGE_STANDARD = gnu99;
				GCC_NO_COMMON_BLOCKS = YES;
				GCC_WARN_64_TO_32_BIT_CONVERSION = YES;
				GCC_WARN_ABOUT_RETURN_TYPE = YES_ERROR;
				GCC_WARN_UNDECLARED_SELECTOR = YES;
				GCC_WARN_UNINITIALIZED_AUTOS = YES_AGGRESSIVE;
				GCC_WARN_UNUSED_FUNCTION = YES;
				GCC_WARN_UNUSED_VARIABLE = YES;
				IPHONEOS_DEPLOYMENT_TARGET = 9.0;
				MTL_ENABLE_DEBUG_INFO = NO;
				SDKROOT = iphoneos;
				TARGETED_DEVICE_FAMILY = "1,2";
				VALIDATE_PRODUCT = YES;
			};
			name = Release;
		};
		917094FA1B834B76002F029D /* Debug */ = {
			isa = XCBuildConfiguration;
			baseConfigurationReference = 2ECA72B7A8A5D008D3412D29 /* Pods.debug.xcconfig */;
			buildSettings = {
				ASSETCATALOG_COMPILER_APPICON_NAME = AppIcon;
				INFOPLIST_FILE = WeatherNow/Info.plist;
				LD_RUNPATH_SEARCH_PATHS = "$(inherited) @executable_path/Frameworks";
				PRODUCT_BUNDLE_IDENTIFIER = com.christian.WeatherNow;
				PRODUCT_NAME = "$(TARGET_NAME)";
			};
			name = Debug;
		};
		917094FB1B834B76002F029D /* Release */ = {
			isa = XCBuildConfiguration;
			baseConfigurationReference = 5A8679C71D97675448D4550F /* Pods.release.xcconfig */;
			buildSettings = {
				ASSETCATALOG_COMPILER_APPICON_NAME = AppIcon;
				INFOPLIST_FILE = WeatherNow/Info.plist;
				LD_RUNPATH_SEARCH_PATHS = "$(inherited) @executable_path/Frameworks";
				PRODUCT_BUNDLE_IDENTIFIER = com.christian.WeatherNow;
				PRODUCT_NAME = "$(TARGET_NAME)";
			};
			name = Release;
		};
		917094FD1B834B76002F029D /* Debug */ = {
			isa = XCBuildConfiguration;
			buildSettings = {
				BUNDLE_LOADER = "$(TEST_HOST)";
				INFOPLIST_FILE = WeatherNowTests/Info.plist;
				LD_RUNPATH_SEARCH_PATHS = "$(inherited) @executable_path/Frameworks @loader_path/Frameworks";
				PRODUCT_BUNDLE_IDENTIFIER = com.christian.WeatherNowTests;
				PRODUCT_NAME = "$(TARGET_NAME)";
				TEST_HOST = "$(BUILT_PRODUCTS_DIR)/WeatherNow.app/WeatherNow";
			};
			name = Debug;
		};
		917094FE1B834B76002F029D /* Release */ = {
			isa = XCBuildConfiguration;
			buildSettings = {
				BUNDLE_LOADER = "$(TEST_HOST)";
				INFOPLIST_FILE = WeatherNowTests/Info.plist;
				LD_RUNPATH_SEARCH_PATHS = "$(inherited) @executable_path/Frameworks @loader_path/Frameworks";
				PRODUCT_BUNDLE_IDENTIFIER = com.christian.WeatherNowTests;
				PRODUCT_NAME = "$(TARGET_NAME)";
				TEST_HOST = "$(BUILT_PRODUCTS_DIR)/WeatherNow.app/WeatherNow";
			};
			name = Release;
		};
		917095001B834B76002F029D /* Debug */ = {
			isa = XCBuildConfiguration;
			buildSettings = {
				INFOPLIST_FILE = WeatherNowUITests/Info.plist;
				LD_RUNPATH_SEARCH_PATHS = "$(inherited) @executable_path/Frameworks @loader_path/Frameworks";
				PRODUCT_BUNDLE_IDENTIFIER = com.christian.WeatherNowUITests;
				PRODUCT_NAME = "$(TARGET_NAME)";
				TEST_TARGET_NAME = WeatherNow;
				USES_XCTRUNNER = YES;
			};
			name = Debug;
		};
		917095011B834B76002F029D /* Release */ = {
			isa = XCBuildConfiguration;
			buildSettings = {
				INFOPLIST_FILE = WeatherNowUITests/Info.plist;
				LD_RUNPATH_SEARCH_PATHS = "$(inherited) @executable_path/Frameworks @loader_path/Frameworks";
				PRODUCT_BUNDLE_IDENTIFIER = com.christian.WeatherNowUITests;
				PRODUCT_NAME = "$(TARGET_NAME)";
				TEST_TARGET_NAME = WeatherNow;
				USES_XCTRUNNER = YES;
			};
			name = Release;
		};
/* End XCBuildConfiguration section */

/* Begin XCConfigurationList section */
		917094CC1B834B76002F029D /* Build configuration list for PBXProject "WeatherNow" */ = {
			isa = XCConfigurationList;
			buildConfigurations = (
				917094F71B834B76002F029D /* Debug */,
				917094F81B834B76002F029D /* Release */,
			);
			defaultConfigurationIsVisible = 0;
			defaultConfigurationName = Release;
		};
		917094F91B834B76002F029D /* Build configuration list for PBXNativeTarget "WeatherNow" */ = {
			isa = XCConfigurationList;
			buildConfigurations = (
				917094FA1B834B76002F029D /* Debug */,
				917094FB1B834B76002F029D /* Release */,
			);
			defaultConfigurationIsVisible = 0;
			defaultConfigurationName = Release;
		};
		917094FC1B834B76002F029D /* Build configuration list for PBXNativeTarget "WeatherNowTests" */ = {
			isa = XCConfigurationList;
			buildConfigurations = (
				917094FD1B834B76002F029D /* Debug */,
				917094FE1B834B76002F029D /* Release */,
			);
			defaultConfigurationIsVisible = 0;
			defaultConfigurationName = Release;
		};
		917094FF1B834B76002F029D /* Build configuration list for PBXNativeTarget "WeatherNowUITests" */ = {
			isa = XCConfigurationList;
			buildConfigurations = (
				917095001B834B76002F029D /* Debug */,
				917095011B834B76002F029D /* Release */,
			);
			defaultConfigurationIsVisible = 0;
			defaultConfigurationName = Release;
		};
/* End XCConfigurationList section */
	};
	rootObject = 917094C91B834B76002F029D /* Project object */;
}
